// !$*UTF8*$!
{
	archiveVersion = 1;
	classes = {
	};
	objectVersion = 56;
	objects = {

/* Begin PBXBuildFile section */
		BD5FF1072C5A3F0200E71E4F /* lessonsApp.swift in Sources */ = {isa = PBXBuildFile; fileRef = BD5FF1062C5A3F0200E71E4F /* lessonsApp.swift */; };
		BD5FF1092C5A3F0200E71E4F /* ContentView.swift in Sources */ = {isa = PBXBuildFile; fileRef = BD5FF1082C5A3F0200E71E4F /* ContentView.swift */; };
		BD5FF10B2C5A3F0300E71E4F /* Assets.xcassets in Resources */ = {isa = PBXBuildFile; fileRef = BD5FF10A2C5A3F0300E71E4F /* Assets.xcassets */; };
		BD5FF10E2C5A3F0300E71E4F /* Preview Assets.xcassets in Resources */ = {isa = PBXBuildFile; fileRef = BD5FF10D2C5A3F0300E71E4F /* Preview Assets.xcassets */; };
		BD5FF1182C5A3F0300E71E4F /* lessonsTests.swift in Sources */ = {isa = PBXBuildFile; fileRef = BD5FF1172C5A3F0300E71E4F /* lessonsTests.swift */; };
		BD5FF1222C5A3F0300E71E4F /* lessonsUITests.swift in Sources */ = {isa = PBXBuildFile; fileRef = BD5FF1212C5A3F0300E71E4F /* lessonsUITests.swift */; };
		BD5FF1242C5A3F0300E71E4F /* lessonsUITestsLaunchTests.swift in Sources */ = {isa = PBXBuildFile; fileRef = BD5FF1232C5A3F0300E71E4F /* lessonsUITestsLaunchTests.swift */; };
/* End PBXBuildFile section */

/* Begin PBXContainerItemProxy section */
		BD5FF1142C5A3F0300E71E4F /* PBXContainerItemProxy */ = {
			isa = PBXContainerItemProxy;
			containerPortal = BD5FF0FB2C5A3F0200E71E4F /* Project object */;
			proxyType = 1;
			remoteGlobalIDString = BD5FF1022C5A3F0200E71E4F;
			remoteInfo = lessons;
		};
		BD5FF11E2C5A3F0300E71E4F /* PBXContainerItemProxy */ = {
			isa = PBXContainerItemProxy;
			containerPortal = BD5FF0FB2C5A3F0200E71E4F /* Project object */;
			proxyType = 1;
			remoteGlobalIDString = BD5FF1022C5A3F0200E71E4F;
			remoteInfo = lessons;
		};
/* End PBXContainerItemProxy section */

/* Begin PBXFileReference section */
		BD5FF1032C5A3F0200E71E4F /* lessons.app */ = {isa = PBXFileReference; explicitFileType = wrapper.application; includeInIndex = 0; path = lessons.app; sourceTree = BUILT_PRODUCTS_DIR; };
		BD5FF1062C5A3F0200E71E4F /* lessonsApp.swift */ = {isa = PBXFileReference; lastKnownFileType = sourcecode.swift; path = lessonsApp.swift; sourceTree = "<group>"; };
		BD5FF1082C5A3F0200E71E4F /* ContentView.swift */ = {isa = PBXFileReference; lastKnownFileType = sourcecode.swift; path = ContentView.swift; sourceTree = "<group>"; };
		BD5FF10A2C5A3F0300E71E4F /* Assets.xcassets */ = {isa = PBXFileReference; lastKnownFileType = folder.assetcatalog; path = Assets.xcassets; sourceTree = "<group>"; };
		BD5FF10D2C5A3F0300E71E4F /* Preview Assets.xcassets */ = {isa = PBXFileReference; lastKnownFileType = folder.assetcatalog; path = "Preview Assets.xcassets"; sourceTree = "<group>"; };
		BD5FF1132C5A3F0300E71E4F /* lessonsTests.xctest */ = {isa = PBXFileReference; explicitFileType = wrapper.cfbundle; includeInIndex = 0; path = lessonsTests.xctest; sourceTree = BUILT_PRODUCTS_DIR; };
		BD5FF1172C5A3F0300E71E4F /* lessonsTests.swift */ = {isa = PBXFileReference; lastKnownFileType = sourcecode.swift; path = lessonsTests.swift; sourceTree = "<group>"; };
		BD5FF11D2C5A3F0300E71E4F /* lessonsUITests.xctest */ = {isa = PBXFileReference; explicitFileType = wrapper.cfbundle; includeInIndex = 0; path = lessonsUITests.xctest; sourceTree = BUILT_PRODUCTS_DIR; };
		BD5FF1212C5A3F0300E71E4F /* lessonsUITests.swift */ = {isa = PBXFileReference; lastKnownFileType = sourcecode.swift; path = lessonsUITests.swift; sourceTree = "<group>"; };
		BD5FF1232C5A3F0300E71E4F /* lessonsUITestsLaunchTests.swift */ = {isa = PBXFileReference; lastKnownFileType = sourcecode.swift; path = lessonsUITestsLaunchTests.swift; sourceTree = "<group>"; };
/* End PBXFileReference section */

/* Begin PBXFrameworksBuildPhase section */
		BD5FF1002C5A3F0200E71E4F /* Frameworks */ = {
			isa = PBXFrameworksBuildPhase;
			buildActionMask = 2147483647;
			files = (
			);
			runOnlyForDeploymentPostprocessing = 0;
		};
		BD5FF1102C5A3F0300E71E4F /* Frameworks */ = {
			isa = PBXFrameworksBuildPhase;
			buildActionMask = 2147483647;
			files = (
			);
			runOnlyForDeploymentPostprocessing = 0;
		};
		BD5FF11A2C5A3F0300E71E4F /* Frameworks */ = {
			isa = PBXFrameworksBuildPhase;
			buildActionMask = 2147483647;
			files = (
			);
			runOnlyForDeploymentPostprocessing = 0;
		};
/* End PBXFrameworksBuildPhase section */

/* Begin PBXGroup section */
		BD5FF0FA2C5A3F0200E71E4F = {
			isa = PBXGroup;
			children = (
				BD5FF1052C5A3F0200E71E4F /* lessons */,
				BD5FF1162C5A3F0300E71E4F /* lessonsTests */,
				BD5FF1202C5A3F0300E71E4F /* lessonsUITests */,
				BD5FF1042C5A3F0200E71E4F /* Products */,
			);
			sourceTree = "<group>";
		};
		BD5FF1042C5A3F0200E71E4F /* Products */ = {
			isa = PBXGroup;
			children = (
				BD5FF1032C5A3F0200E71E4F /* lessons.app */,
				BD5FF1132C5A3F0300E71E4F /* lessonsTests.xctest */,
				BD5FF11D2C5A3F0300E71E4F /* lessonsUITests.xctest */,
			);
			name = Products;
			sourceTree = "<group>";
		};
		BD5FF1052C5A3F0200E71E4F /* lessons */ = {
			isa = PBXGroup;
			children = (
				BD5FF1062C5A3F0200E71E4F /* lessonsApp.swift */,
				BD5FF1082C5A3F0200E71E4F /* ContentView.swift */,
				BD5FF10A2C5A3F0300E71E4F /* Assets.xcassets */,
				BD5FF10C2C5A3F0300E71E4F /* Preview Content */,
			);
			path = lessons;
			sourceTree = "<group>";
		};
		BD5FF10C2C5A3F0300E71E4F /* Preview Content */ = {
			isa = PBXGroup;
			children = (
				BD5FF10D2C5A3F0300E71E4F /* Preview Assets.xcassets */,
			);
			path = "Preview Content";
			sourceTree = "<group>";
		};
		BD5FF1162C5A3F0300E71E4F /* lessonsTests */ = {
			isa = PBXGroup;
			children = (
				BD5FF1172C5A3F0300E71E4F /* lessonsTests.swift */,
			);
			path = lessonsTests;
			sourceTree = "<group>";
		};
		BD5FF1202C5A3F0300E71E4F /* lessonsUITests */ = {
			isa = PBXGroup;
			children = (
				BD5FF1212C5A3F0300E71E4F /* lessonsUITests.swift */,
				BD5FF1232C5A3F0300E71E4F /* lessonsUITestsLaunchTests.swift */,
			);
			path = lessonsUITests;
			sourceTree = "<group>";
		};
/* End PBXGroup section */

/* Begin PBXNativeTarget section */
		BD5FF1022C5A3F0200E71E4F /* lessons */ = {
			isa = PBXNativeTarget;
			buildConfigurationList = BD5FF1272C5A3F0300E71E4F /* Build configuration list for PBXNativeTarget "lessons" */;
			buildPhases = (
				BD5FF0FF2C5A3F0200E71E4F /* Sources */,
				BD5FF1002C5A3F0200E71E4F /* Frameworks */,
				BD5FF1012C5A3F0200E71E4F /* Resources */,
			);
			buildRules = (
			);
			dependencies = (
			);
			name = lessons;
			productName = lessons;
			productReference = BD5FF1032C5A3F0200E71E4F /* lessons.app */;
			productType = "com.apple.product-type.application";
		};
		BD5FF1122C5A3F0300E71E4F /* lessonsTests */ = {
			isa = PBXNativeTarget;
			buildConfigurationList = BD5FF12A2C5A3F0300E71E4F /* Build configuration list for PBXNativeTarget "lessonsTests" */;
			buildPhases = (
				BD5FF10F2C5A3F0300E71E4F /* Sources */,
				BD5FF1102C5A3F0300E71E4F /* Frameworks */,
				BD5FF1112C5A3F0300E71E4F /* Resources */,
			);
			buildRules = (
			);
			dependencies = (
				BD5FF1152C5A3F0300E71E4F /* PBXTargetDependency */,
			);
			name = lessonsTests;
			productName = lessonsTests;
			productReference = BD5FF1132C5A3F0300E71E4F /* lessonsTests.xctest */;
			productType = "com.apple.product-type.bundle.unit-test";
		};
		BD5FF11C2C5A3F0300E71E4F /* lessonsUITests */ = {
			isa = PBXNativeTarget;
			buildConfigurationList = BD5FF12D2C5A3F0300E71E4F /* Build configuration list for PBXNativeTarget "lessonsUITests" */;
			buildPhases = (
				BD5FF1192C5A3F0300E71E4F /* Sources */,
				BD5FF11A2C5A3F0300E71E4F /* Frameworks */,
				BD5FF11B2C5A3F0300E71E4F /* Resources */,
			);
			buildRules = (
			);
			dependencies = (
				BD5FF11F2C5A3F0300E71E4F /* PBXTargetDependency */,
			);
			name = lessonsUITests;
			productName = lessonsUITests;
			productReference = BD5FF11D2C5A3F0300E71E4F /* lessonsUITests.xctest */;
			productType = "com.apple.product-type.bundle.ui-testing";
		};
/* End PBXNativeTarget section */

/* Begin PBXProject section */
		BD5FF0FB2C5A3F0200E71E4F /* Project object */ = {
			isa = PBXProject;
			attributes = {
				BuildIndependentTargetsInParallel = 1;
				LastSwiftUpdateCheck = 1540;
				LastUpgradeCheck = 1540;
				TargetAttributes = {
					BD5FF1022C5A3F0200E71E4F = {
						CreatedOnToolsVersion = 15.4;
					};
					BD5FF1122C5A3F0300E71E4F = {
						CreatedOnToolsVersion = 15.4;
						TestTargetID = BD5FF1022C5A3F0200E71E4F;
					};
					BD5FF11C2C5A3F0300E71E4F = {
						CreatedOnToolsVersion = 15.4;
						TestTargetID = BD5FF1022C5A3F0200E71E4F;
					};
				};
			};
			buildConfigurationList = BD5FF0FE2C5A3F0200E71E4F /* Build configuration list for PBXProject "lessons" */;
			compatibilityVersion = "Xcode 14.0";
			developmentRegion = en;
			hasScannedForEncodings = 0;
			knownRegions = (
				en,
				Base,
			);
			mainGroup = BD5FF0FA2C5A3F0200E71E4F;
			productRefGroup = BD5FF1042C5A3F0200E71E4F /* Products */;
			projectDirPath = "";
			projectRoot = "";
			targets = (
				BD5FF1022C5A3F0200E71E4F /* lessons */,
				BD5FF1122C5A3F0300E71E4F /* lessonsTests */,
				BD5FF11C2C5A3F0300E71E4F /* lessonsUITests */,
			);
		};
/* End PBXProject section */

/* Begin PBXResourcesBuildPhase section */
		BD5FF1012C5A3F0200E71E4F /* Resources */ = {
			isa = PBXResourcesBuildPhase;
			buildActionMask = 2147483647;
			files = (
				BD5FF10E2C5A3F0300E71E4F /* Preview Assets.xcassets in Resources */,
				BD5FF10B2C5A3F0300E71E4F /* Assets.xcassets in Resources */,
			);
			runOnlyForDeploymentPostprocessing = 0;
		};
		BD5FF1112C5A3F0300E71E4F /* Resources */ = {
			isa = PBXResourcesBuildPhase;
			buildActionMask = 2147483647;
			files = (
			);
			runOnlyForDeploymentPostprocessing = 0;
		};
		BD5FF11B2C5A3F0300E71E4F /* Resources */ = {
			isa = PBXResourcesBuildPhase;
			buildActionMask = 2147483647;
			files = (
			);
			runOnlyForDeploymentPostprocessing = 0;
		};
/* End PBXResourcesBuildPhase section */

/* Begin PBXSourcesBuildPhase section */
		BD5FF0FF2C5A3F0200E71E4F /* Sources */ = {
			isa = PBXSourcesBuildPhase;
			buildActionMask = 2147483647;
			files = (
				BD5FF1092C5A3F0200E71E4F /* ContentView.swift in Sources */,
				BD5FF1072C5A3F0200E71E4F /* lessonsApp.swift in Sources */,
			);
			runOnlyForDeploymentPostprocessing = 0;
		};
		BD5FF10F2C5A3F0300E71E4F /* Sources */ = {
			isa = PBXSourcesBuildPhase;
			buildActionMask = 2147483647;
			files = (
				BD5FF1182C5A3F0300E71E4F /* lessonsTests.swift in Sources */,
			);
			runOnlyForDeploymentPostprocessing = 0;
		};
		BD5FF1192C5A3F0300E71E4F /* Sources */ = {
			isa = PBXSourcesBuildPhase;
			buildActionMask = 2147483647;
			files = (
				BD5FF1242C5A3F0300E71E4F /* lessonsUITestsLaunchTests.swift in Sources */,
				BD5FF1222C5A3F0300E71E4F /* lessonsUITests.swift in Sources */,
			);
			runOnlyForDeploymentPostprocessing = 0;
		};
/* End PBXSourcesBuildPhase section */

/* Begin PBXTargetDependency section */
		BD5FF1152C5A3F0300E71E4F /* PBXTargetDependency */ = {
			isa = PBXTargetDependency;
			target = BD5FF1022C5A3F0200E71E4F /* lessons */;
			targetProxy = BD5FF1142C5A3F0300E71E4F /* PBXContainerItemProxy */;
		};
		BD5FF11F2C5A3F0300E71E4F /* PBXTargetDependency */ = {
			isa = PBXTargetDependency;
			target = BD5FF1022C5A3F0200E71E4F /* lessons */;
			targetProxy = BD5FF11E2C5A3F0300E71E4F /* PBXContainerItemProxy */;
		};
/* End PBXTargetDependency section */

/* Begin XCBuildConfiguration section */
		BD5FF1252C5A3F0300E71E4F /* Debug */ = {
			isa = XCBuildConfiguration;
			buildSettings = {
				ALWAYS_SEARCH_USER_PATHS = NO;
				ASSETCATALOG_COMPILER_GENERATE_SWIFT_ASSET_SYMBOL_EXTENSIONS = YES;
				CLANG_ANALYZER_NONNULL = YES;
				CLANG_ANALYZER_NUMBER_OBJECT_CONVERSION = YES_AGGRESSIVE;
				CLANG_CXX_LANGUAGE_STANDARD = "gnu++20";
				CLANG_ENABLE_MODULES = YES;
				CLANG_ENABLE_OBJC_ARC = YES;
				CLANG_ENABLE_OBJC_WEAK = YES;
				CLANG_WARN_BLOCK_CAPTURE_AUTORELEASING = YES;
				CLANG_WARN_BOOL_CONVERSION = YES;
				CLANG_WARN_COMMA = YES;
				CLANG_WARN_CONSTANT_CONVERSION = YES;
				CLANG_WARN_DEPRECATED_OBJC_IMPLEMENTATIONS = YES;
				CLANG_WARN_DIRECT_OBJC_ISA_USAGE = YES_ERROR;
				CLANG_WARN_DOCUMENTATION_COMMENTS = YES;
				CLANG_WARN_EMPTY_BODY = YES;
				CLANG_WARN_ENUM_CONVERSION = YES;
				CLANG_WARN_INFINITE_RECURSION = YES;
				CLANG_WARN_INT_CONVERSION = YES;
				CLANG_WARN_NON_LITERAL_NULL_CONVERSION = YES;
				CLANG_WARN_OBJC_IMPLICIT_RETAIN_SELF = YES;
				CLANG_WARN_OBJC_LITERAL_CONVERSION = YES;
				CLANG_WARN_OBJC_ROOT_CLASS = YES_ERROR;
				CLANG_WARN_QUOTED_INCLUDE_IN_FRAMEWORK_HEADER = YES;
				CLANG_WARN_RANGE_LOOP_ANALYSIS = YES;
				CLANG_WARN_STRICT_PROTOTYPES = YES;
				CLANG_WARN_SUSPICIOUS_MOVE = YES;
				CLANG_WARN_UNGUARDED_AVAILABILITY = YES_AGGRESSIVE;
				CLANG_WARN_UNREACHABLE_CODE = YES;
				CLANG_WARN__DUPLICATE_METHOD_MATCH = YES;
				COPY_PHASE_STRIP = NO;
				DEBUG_INFORMATION_FORMAT = dwarf;
				ENABLE_STRICT_OBJC_MSGSEND = YES;
				ENABLE_TESTABILITY = YES;
				ENABLE_USER_SCRIPT_SANDBOXING = YES;
				GCC_C_LANGUAGE_STANDARD = gnu17;
				GCC_DYNAMIC_NO_PIC = NO;
				GCC_NO_COMMON_BLOCKS = YES;
				GCC_OPTIMIZATION_LEVEL = 0;
				GCC_PREPROCESSOR_DEFINITIONS = (
					"DEBUG=1",
					"$(inherited)",
				);
				GCC_WARN_64_TO_32_BIT_CONVERSION = YES;
				GCC_WARN_ABOUT_RETURN_TYPE = YES_ERROR;
				GCC_WARN_UNDECLARED_SELECTOR = YES;
				GCC_WARN_UNINITIALIZED_AUTOS = YES_AGGRESSIVE;
				GCC_WARN_UNUSED_FUNCTION = YES;
				GCC_WARN_UNUSED_VARIABLE = YES;
				IPHONEOS_DEPLOYMENT_TARGET = 17.5;
				LOCALIZATION_PREFERS_STRING_CATALOGS = YES;
				MTL_ENABLE_DEBUG_INFO = INCLUDE_SOURCE;
				MTL_FAST_MATH = YES;
				ONLY_ACTIVE_ARCH = YES;
				SDKROOT = iphoneos;
				SWIFT_ACTIVE_COMPILATION_CONDITIONS = "DEBUG $(inherited)";
				SWIFT_OPTIMIZATION_LEVEL = "-Onone";
			};
			name = Debug;
		};
		BD5FF1262C5A3F0300E71E4F /* Release */ = {
			isa = XCBuildConfiguration;
			buildSettings = {
				ALWAYS_SEARCH_USER_PATHS = NO;
				ASSETCATALOG_COMPILER_GENERATE_SWIFT_ASSET_SYMBOL_EXTENSIONS = YES;
				CLANG_ANALYZER_NONNULL = YES;
				CLANG_ANALYZER_NUMBER_OBJECT_CONVERSION = YES_AGGRESSIVE;
				CLANG_CXX_LANGUAGE_STANDARD = "gnu++20";
				CLANG_ENABLE_MODULES = YES;
				CLANG_ENABLE_OBJC_ARC = YES;
				CLANG_ENABLE_OBJC_WEAK = YES;
				CLANG_WARN_BLOCK_CAPTURE_AUTORELEASING = YES;
				CLANG_WARN_BOOL_CONVERSION = YES;
				CLANG_WARN_COMMA = YES;
				CLANG_WARN_CONSTANT_CONVERSION = YES;
				CLANG_WARN_DEPRECATED_OBJC_IMPLEMENTATIONS = YES;
				CLANG_WARN_DIRECT_OBJC_ISA_USAGE = YES_ERROR;
				CLANG_WARN_DOCUMENTATION_COMMENTS = YES;
				CLANG_WARN_EMPTY_BODY = YES;
				CLANG_WARN_ENUM_CONVERSION = YES;
				CLANG_WARN_INFINITE_RECURSION = YES;
				CLANG_WARN_INT_CONVERSION = YES;
				CLANG_WARN_NON_LITERAL_NULL_CONVERSION = YES;
				CLANG_WARN_OBJC_IMPLICIT_RETAIN_SELF = YES;
				CLANG_WARN_OBJC_LITERAL_CONVERSION = YES;
				CLANG_WARN_OBJC_ROOT_CLASS = YES_ERROR;
				CLANG_WARN_QUOTED_INCLUDE_IN_FRAMEWORK_HEADER = YES;
				CLANG_WARN_RANGE_LOOP_ANALYSIS = YES;
				CLANG_WARN_STRICT_PROTOTYPES = YES;
				CLANG_WARN_SUSPICIOUS_MOVE = YES;
				CLANG_WARN_UNGUARDED_AVAILABILITY = YES_AGGRESSIVE;
				CLANG_WARN_UNREACHABLE_CODE = YES;
				CLANG_WARN__DUPLICATE_METHOD_MATCH = YES;
				COPY_PHASE_STRIP = NO;
				DEBUG_INFORMATION_FORMAT = "dwarf-with-dsym";
				ENABLE_NS_ASSERTIONS = NO;
				ENABLE_STRICT_OBJC_MSGSEND = YES;
				ENABLE_USER_SCRIPT_SANDBOXING = YES;
				GCC_C_LANGUAGE_STANDARD = gnu17;
				GCC_NO_COMMON_BLOCKS = YES;
				GCC_WARN_64_TO_32_BIT_CONVERSION = YES;
				GCC_WARN_ABOUT_RETURN_TYPE = YES_ERROR;
				GCC_WARN_UNDECLARED_SELECTOR = YES;
				GCC_WARN_UNINITIALIZED_AUTOS = YES_AGGRESSIVE;
				GCC_WARN_UNUSED_FUNCTION = YES;
				GCC_WARN_UNUSED_VARIABLE = YES;
				IPHONEOS_DEPLOYMENT_TARGET = 17.5;
				LOCALIZATION_PREFERS_STRING_CATALOGS = YES;
				MTL_ENABLE_DEBUG_INFO = NO;
				MTL_FAST_MATH = YES;
				SDKROOT = iphoneos;
				SWIFT_COMPILATION_MODE = wholemodule;
				VALIDATE_PRODUCT = YES;
			};
			name = Release;
		};
		BD5FF1282C5A3F0300E71E4F /* Debug */ = {
			isa = XCBuildConfiguration;
			buildSettings = {
				ASSETCATALOG_COMPILER_APPICON_NAME = AppIcon;
				ASSETCATALOG_COMPILER_GLOBAL_ACCENT_COLOR_NAME = AccentColor;
				CODE_SIGN_STYLE = Automatic;
				CURRENT_PROJECT_VERSION = 1;
				DEVELOPMENT_ASSET_PATHS = "\"lessons/Preview Content\"";
				ENABLE_PREVIEWS = YES;
				GENERATE_INFOPLIST_FILE = YES;
				INFOPLIST_KEY_UIApplicationSceneManifest_Generation = YES;
				INFOPLIST_KEY_UIApplicationSupportsIndirectInputEvents = YES;
				INFOPLIST_KEY_UILaunchScreen_Generation = YES;
				INFOPLIST_KEY_UISupportedInterfaceOrientations_iPad = "UIInterfaceOrientationPortrait UIInterfaceOrientationPortraitUpsideDown UIInterfaceOrientationLandscapeLeft UIInterfaceOrientationLandscapeRight";
				INFOPLIST_KEY_UISupportedInterfaceOrientations_iPhone = "UIInterfaceOrientationPortrait UIInterfaceOrientationLandscapeLeft UIInterfaceOrientationLandscapeRight";
				LD_RUNPATH_SEARCH_PATHS = (
					"$(inherited)",
					"@executable_path/Frameworks",
				);
				MARKETING_VERSION = 1.0;
				PRODUCT_BUNDLE_IDENTIFIER = kwk.lessons;
				PRODUCT_NAME = "$(TARGET_NAME)";
				SWIFT_EMIT_LOC_STRINGS = YES;
				SWIFT_VERSION = 5.0;
				TARGETED_DEVICE_FAMILY = "1,2";
			};
			name = Debug;
		};
		BD5FF1292C5A3F0300E71E4F /* Release */ = {
			isa = XCBuildConfiguration;
			buildSettings = {
				ASSETCATALOG_COMPILER_APPICON_NAME = AppIcon;
				ASSETCATALOG_COMPILER_GLOBAL_ACCENT_COLOR_NAME = AccentColor;
				CODE_SIGN_STYLE = Automatic;
				CURRENT_PROJECT_VERSION = 1;
				DEVELOPMENT_ASSET_PATHS = "\"lessons/Preview Content\"";
				ENABLE_PREVIEWS = YES;
				GENERATE_INFOPLIST_FILE = YES;
				INFOPLIST_KEY_UIApplicationSceneManifest_Generation = YES;
				INFOPLIST_KEY_UIApplicationSupportsIndirectInputEvents = YES;
				INFOPLIST_KEY_UILaunchScreen_Generation = YES;
				INFOPLIST_KEY_UISupportedInterfaceOrientations_iPad = "UIInterfaceOrientationPortrait UIInterfaceOrientationPortraitUpsideDown UIInterfaceOrientationLandscapeLeft UIInterfaceOrientationLandscapeRight";
				INFOPLIST_KEY_UISupportedInterfaceOrientations_iPhone = "UIInterfaceOrientationPortrait UIInterfaceOrientationLandscapeLeft UIInterfaceOrientationLandscapeRight";
				LD_RUNPATH_SEARCH_PATHS = (
					"$(inherited)",
					"@executable_path/Frameworks",
				);
				MARKETING_VERSION = 1.0;
				PRODUCT_BUNDLE_IDENTIFIER = kwk.lessons;
				PRODUCT_NAME = "$(TARGET_NAME)";
				SWIFT_EMIT_LOC_STRINGS = YES;
				SWIFT_VERSION = 5.0;
				TARGETED_DEVICE_FAMILY = "1,2";
			};
			name = Release;
		};
		BD5FF12B2C5A3F0300E71E4F /* Debug */ = {
			isa = XCBuildConfiguration;
			buildSettings = {
				ALWAYS_EMBED_SWIFT_STANDARD_LIBRARIES = YES;
				BUNDLE_LOADER = "$(TEST_HOST)";
				CODE_SIGN_STYLE = Automatic;
				CURRENT_PROJECT_VERSION = 1;
				GENERATE_INFOPLIST_FILE = YES;
				IPHONEOS_DEPLOYMENT_TARGET = 17.5;
				MARKETING_VERSION = 1.0;
				PRODUCT_BUNDLE_IDENTIFIER = kwk.lessonsTests;
				PRODUCT_NAME = "$(TARGET_NAME)";
				SWIFT_EMIT_LOC_STRINGS = NO;
				SWIFT_VERSION = 5.0;
				TARGETED_DEVICE_FAMILY = "1,2";
				TEST_HOST = "$(BUILT_PRODUCTS_DIR)/lessons.app/$(BUNDLE_EXECUTABLE_FOLDER_PATH)/lessons";
			};
			name = Debug;
		};
		BD5FF12C2C5A3F0300E71E4F /* Release */ = {
			isa = XCBuildConfiguration;
			buildSettings = {
				ALWAYS_EMBED_SWIFT_STANDARD_LIBRARIES = YES;
				BUNDLE_LOADER = "$(TEST_HOST)";
				CODE_SIGN_STYLE = Automatic;
				CURRENT_PROJECT_VERSION = 1;
				GENERATE_INFOPLIST_FILE = YES;
				IPHONEOS_DEPLOYMENT_TARGET = 17.5;
				MARKETING_VERSION = 1.0;
				PRODUCT_BUNDLE_IDENTIFIER = kwk.lessonsTests;
				PRODUCT_NAME = "$(TARGET_NAME)";
				SWIFT_EMIT_LOC_STRINGS = NO;
				SWIFT_VERSION = 5.0;
				TARGETED_DEVICE_FAMILY = "1,2";
				TEST_HOST = "$(BUILT_PRODUCTS_DIR)/lessons.app/$(BUNDLE_EXECUTABLE_FOLDER_PATH)/lessons";
			};
			name = Release;
		};
		BD5FF12E2C5A3F0300E71E4F /* Debug */ = {
			isa = XCBuildConfiguration;
			buildSettings = {
				ALWAYS_EMBED_SWIFT_STANDARD_LIBRARIES = YES;
				CODE_SIGN_STYLE = Automatic;
				CURRENT_PROJECT_VERSION = 1;
				GENERATE_INFOPLIST_FILE = YES;
				MARKETING_VERSION = 1.0;
				PRODUCT_BUNDLE_IDENTIFIER = kwk.lessonsUITests;
				PRODUCT_NAME = "$(TARGET_NAME)";
				SWIFT_EMIT_LOC_STRINGS = NO;
				SWIFT_VERSION = 5.0;
				TARGETED_DEVICE_FAMILY = "1,2";
				TEST_TARGET_NAME = lessons;
			};
			name = Debug;
		};
		BD5FF12F2C5A3F0300E71E4F /* Release */ = {
			isa = XCBuildConfiguration;
			buildSettings = {
				ALWAYS_EMBED_SWIFT_STANDARD_LIBRARIES = YES;
				CODE_SIGN_STYLE = Automatic;
				CURRENT_PROJECT_VERSION = 1;
				GENERATE_INFOPLIST_FILE = YES;
				MARKETING_VERSION = 1.0;
				PRODUCT_BUNDLE_IDENTIFIER = kwk.lessonsUITests;
				PRODUCT_NAME = "$(TARGET_NAME)";
				SWIFT_EMIT_LOC_STRINGS = NO;
				SWIFT_VERSION = 5.0;
				TARGETED_DEVICE_FAMILY = "1,2";
				TEST_TARGET_NAME = lessons;
			};
			name = Release;
		};
/* End XCBuildConfiguration section */

/* Begin XCConfigurationList section */
		BD5FF0FE2C5A3F0200E71E4F /* Build configuration list for PBXProject "lessons" */ = {
			isa = XCConfigurationList;
			buildConfigurations = (
				BD5FF1252C5A3F0300E71E4F /* Debug */,
				BD5FF1262C5A3F0300E71E4F /* Release */,
			);
			defaultConfigurationIsVisible = 0;
			defaultConfigurationName = Release;
		};
		BD5FF1272C5A3F0300E71E4F /* Build configuration list for PBXNativeTarget "lessons" */ = {
			isa = XCConfigurationList;
			buildConfigurations = (
				BD5FF1282C5A3F0300E71E4F /* Debug */,
				BD5FF1292C5A3F0300E71E4F /* Release */,
			);
			defaultConfigurationIsVisible = 0;
			defaultConfigurationName = Release;
		};
		BD5FF12A2C5A3F0300E71E4F /* Build configuration list for PBXNativeTarget "lessonsTests" */ = {
			isa = XCConfigurationList;
			buildConfigurations = (
				BD5FF12B2C5A3F0300E71E4F /* Debug */,
				BD5FF12C2C5A3F0300E71E4F /* Release */,
			);
			defaultConfigurationIsVisible = 0;
			defaultConfigurationName = Release;
		};
		BD5FF12D2C5A3F0300E71E4F /* Build configuration list for PBXNativeTarget "lessonsUITests" */ = {
			isa = XCConfigurationList;
			buildConfigurations = (
				BD5FF12E2C5A3F0300E71E4F /* Debug */,
				BD5FF12F2C5A3F0300E71E4F /* Release */,
			);
			defaultConfigurationIsVisible = 0;
			defaultConfigurationName = Release;
		};
/* End XCConfigurationList section */
	};
	rootObject = BD5FF0FB2C5A3F0200E71E4F /* Project object */;
}
